
Microsoft Visual Studio Solution File, Format Version 12.00
# Visual Studio Version 17
VisualStudioVersion = 17.3.32804.467
MinimumVisualStudioVersion = 10.0.40219.1
Project("{FAE04EC0-301F-11D3-BF4B-00C04F79EFBC}") = "OrderProcessing.Customer", "OrderProcessing.Customer\OrderProcessing.Customer.csproj", "{44C0EDF8-F4D8-4998-A208-C4F4DCDA8F85}"
EndProject
Global
	GlobalSection(SolutionConfigurationPlatforms) = preSolution
		Debug|Any CPU = Debug|Any CPU
		Release|Any CPU = Release|Any CPU
	EndGlobalSection
	GlobalSection(ProjectConfigurationPlatforms) = postSolution
		{44C0EDF8-F4D8-4998-A208-C4F4DCDA8F85}.Debug|Any CPU.ActiveCfg = Debug|Any CPU
		{44C0EDF8-F4D8-4998-A208-C4F4DCDA8F85}.Debug|Any CPU.Build.0 = Debug|Any CPU
		{44C0EDF8-F4D8-4998-A208-C4F4DCDA8F85}.Release|Any CPU.ActiveCfg = Release|Any CPU
		{44C0EDF8-F4D8-4998-A208-C4F4DCDA8F85}.Release|Any CPU.Build.0 = Release|Any CPU
	EndGlobalSection
	GlobalSection(SolutionProperties) = preSolution
		HideSolutionNode = FALSE
	EndGlobalSection
	GlobalSection(ExtensibilityGlobals) = postSolution
		SolutionGuid = {B7A84104-BB7C-4D99-AA79-67F81BEB7339}
	EndGlobalSection
EndGlobal
